
Microsoft Visual Studio Solution File, Format Version 12.00
# Visual Studio Version 16
VisualStudioVersion = 16.0.31313.79
MinimumVisualStudioVersion = 10.0.40219.1
Project("{FAE04EC0-301F-11D3-BF4B-00C04F79EFBC}") = "DIExample", "DIExample\DIExample.csproj", "{2F0913E8-1DE2-4C66-8C21-F81368D9D131}"
EndProject
Global
	GlobalSection(SolutionConfigurationPlatforms) = preSolution
		Debug|Any CPU = Debug|Any CPU
		Release|Any CPU = Release|Any CPU
	EndGlobalSection
	GlobalSection(ProjectConfigurationPlatforms) = postSolution
		{2F0913E8-1DE2-4C66-8C21-F81368D9D131}.Debug|Any CPU.ActiveCfg = Debug|Any CPU
		{2F0913E8-1DE2-4C66-8C21-F81368D9D131}.Debug|Any CPU.Build.0 = Debug|Any CPU
		{2F0913E8-1DE2-4C66-8C21-F81368D9D131}.Release|Any CPU.ActiveCfg = Release|Any CPU
		{2F0913E8-1DE2-4C66-8C21-F81368D9D131}.Release|Any CPU.Build.0 = Release|Any CPU
	EndGlobalSection
	GlobalSection(SolutionProperties) = preSolution
		HideSolutionNode = FALSE
	EndGlobalSection
	GlobalSection(ExtensibilityGlobals) = postSolution
		SolutionGuid = {632EE35D-3D04-4072-83D1-F353ED2944BE}
	EndGlobalSection
EndGlobal
