
Microsoft Visual Studio Solution File, Format Version 12.00
# Visual Studio Version 16
VisualStudioVersion = 16.0.31313.79
MinimumVisualStudioVersion = 10.0.40219.1
Project("{FAE04EC0-301F-11D3-BF4B-00C04F79EFBC}") = "WebApplication.Web", "WebApplication.Web.csproj", "{548900B7-FD9D-43C2-9ED8-76AA5E8BD271}"
EndProject
Project("{9A19103F-16F7-4668-BE54-9A1E7A4F7556}") = "WebApplication.API", "..\WebApplication.API\WebApplication.API.csproj", "{97F539DD-B0EE-4781-BF69-E1002E726E54}"
EndProject
Global
	GlobalSection(SolutionConfigurationPlatforms) = preSolution
		Debug|Any CPU = Debug|Any CPU
		Release|Any CPU = Release|Any CPU
	EndGlobalSection
	GlobalSection(ProjectConfigurationPlatforms) = postSolution
		{548900B7-FD9D-43C2-9ED8-76AA5E8BD271}.Debug|Any CPU.ActiveCfg = Debug|Any CPU
		{548900B7-FD9D-43C2-9ED8-76AA5E8BD271}.Debug|Any CPU.Build.0 = Debug|Any CPU
		{548900B7-FD9D-43C2-9ED8-76AA5E8BD271}.Release|Any CPU.ActiveCfg = Release|Any CPU
		{548900B7-FD9D-43C2-9ED8-76AA5E8BD271}.Release|Any CPU.Build.0 = Release|Any CPU
		{97F539DD-B0EE-4781-BF69-E1002E726E54}.Debug|Any CPU.ActiveCfg = Debug|Any CPU
		{97F539DD-B0EE-4781-BF69-E1002E726E54}.Debug|Any CPU.Build.0 = Debug|Any CPU
		{97F539DD-B0EE-4781-BF69-E1002E726E54}.Release|Any CPU.ActiveCfg = Release|Any CPU
		{97F539DD-B0EE-4781-BF69-E1002E726E54}.Release|Any CPU.Build.0 = Release|Any CPU
	EndGlobalSection
	GlobalSection(SolutionProperties) = preSolution
		HideSolutionNode = FALSE
	EndGlobalSection
	GlobalSection(ExtensibilityGlobals) = postSolution
		SolutionGuid = {E545CE6F-4CC4-4503-A3ED-81E5D69D0196}
	EndGlobalSection
EndGlobal
