
Microsoft Visual Studio Solution File, Format Version 12.00
# Visual Studio 15
VisualStudioVersion = 15.0.28307.1500
MinimumVisualStudioVersion = 10.0.40219.1
Project("{FAE04EC0-301F-11D3-BF4B-00C04F79EFBC}") = "OdeToFood", "OdeToFood\OdeToFood.csproj", "{DD9CCF0A-790C-4FF3-8EE8-A85760266092}"
EndProject
Project("{FAE04EC0-301F-11D3-BF4B-00C04F79EFBC}") = "OdeToFood.Core", "OdeToFood.Core\OdeToFood.Core.csproj", "{1255B68E-F572-4478-B528-9BA632ED211F}"
EndProject
Project("{FAE04EC0-301F-11D3-BF4B-00C04F79EFBC}") = "OdeToFood.Data", "OdeToFood.Data\OdeToFood.Data.csproj", "{29E0D7A3-5D1D-48AC-9B2E-2597EB360A18}"
EndProject
Global
	GlobalSection(SolutionConfigurationPlatforms) = preSolution
		Debug|Any CPU = Debug|Any CPU
		Release|Any CPU = Release|Any CPU
	EndGlobalSection
	GlobalSection(ProjectConfigurationPlatforms) = postSolution
		{DD9CCF0A-790C-4FF3-8EE8-A85760266092}.Debug|Any CPU.ActiveCfg = Debug|Any CPU
		{DD9CCF0A-790C-4FF3-8EE8-A85760266092}.Debug|Any CPU.Build.0 = Debug|Any CPU
		{DD9CCF0A-790C-4FF3-8EE8-A85760266092}.Release|Any CPU.ActiveCfg = Release|Any CPU
		{DD9CCF0A-790C-4FF3-8EE8-A85760266092}.Release|Any CPU.Build.0 = Release|Any CPU
		{1255B68E-F572-4478-B528-9BA632ED211F}.Debug|Any CPU.ActiveCfg = Debug|Any CPU
		{1255B68E-F572-4478-B528-9BA632ED211F}.Debug|Any CPU.Build.0 = Debug|Any CPU
		{1255B68E-F572-4478-B528-9BA632ED211F}.Release|Any CPU.ActiveCfg = Release|Any CPU
		{1255B68E-F572-4478-B528-9BA632ED211F}.Release|Any CPU.Build.0 = Release|Any CPU
		{29E0D7A3-5D1D-48AC-9B2E-2597EB360A18}.Debug|Any CPU.ActiveCfg = Debug|Any CPU
		{29E0D7A3-5D1D-48AC-9B2E-2597EB360A18}.Debug|Any CPU.Build.0 = Debug|Any CPU
		{29E0D7A3-5D1D-48AC-9B2E-2597EB360A18}.Release|Any CPU.ActiveCfg = Release|Any CPU
		{29E0D7A3-5D1D-48AC-9B2E-2597EB360A18}.Release|Any CPU.Build.0 = Release|Any CPU
	EndGlobalSection
	GlobalSection(SolutionProperties) = preSolution
		HideSolutionNode = FALSE
	EndGlobalSection
	GlobalSection(ExtensibilityGlobals) = postSolution
		SolutionGuid = {69C492BF-DF03-4892-9F9A-E5B3FD1143FF}
	EndGlobalSection
EndGlobal
