
Microsoft Visual Studio Solution File, Format Version 12.00
# Visual Studio Version 16
VisualStudioVersion = 16.0.31313.79
MinimumVisualStudioVersion = 10.0.40219.1
Project("{FAE04EC0-301F-11D3-BF4B-00C04F79EFBC}") = "DemoSearchApp", "DemoSearchApp.csproj", "{6DCBD894-AD53-42B7-99D3-5DBB79B2E9FC}"
EndProject
Global
	GlobalSection(SolutionConfigurationPlatforms) = preSolution
		Debug|Any CPU = Debug|Any CPU
		Release|Any CPU = Release|Any CPU
	EndGlobalSection
	GlobalSection(ProjectConfigurationPlatforms) = postSolution
		{6DCBD894-AD53-42B7-99D3-5DBB79B2E9FC}.Debug|Any CPU.ActiveCfg = Debug|Any CPU
		{6DCBD894-AD53-42B7-99D3-5DBB79B2E9FC}.Debug|Any CPU.Build.0 = Debug|Any CPU
		{6DCBD894-AD53-42B7-99D3-5DBB79B2E9FC}.Release|Any CPU.ActiveCfg = Release|Any CPU
		{6DCBD894-AD53-42B7-99D3-5DBB79B2E9FC}.Release|Any CPU.Build.0 = Release|Any CPU
	EndGlobalSection
	GlobalSection(SolutionProperties) = preSolution
		HideSolutionNode = FALSE
	EndGlobalSection
	GlobalSection(ExtensibilityGlobals) = postSolution
		SolutionGuid = {FCCDAEAE-150A-44A8-AAFE-526ABD0D5CC3}
	EndGlobalSection
EndGlobal
