
Microsoft Visual Studio Solution File, Format Version 12.00
# Visual Studio 15
VisualStudioVersion = 15.0.28307.1500
MinimumVisualStudioVersion = 10.0.40219.1
Project("{FAE04EC0-301F-11D3-BF4B-00C04F79EFBC}") = "tree_sample", "tree_sample\tree_sample.csproj", "{2E5DB767-1D5B-4C8A-BEEF-20066D68CF37}"
EndProject
Project("{FAE04EC0-301F-11D3-BF4B-00C04F79EFBC}") = "SearchTextBox", "SearchTextBox\UIControls\SearchTextBox.csproj", "{A3082956-9EE4-4B35-9B4E-B07D0C4C8B56}"
EndProject
Global
	GlobalSection(SolutionConfigurationPlatforms) = preSolution
		Debug|Any CPU = Debug|Any CPU
		Release|Any CPU = Release|Any CPU
	EndGlobalSection
	GlobalSection(ProjectConfigurationPlatforms) = postSolution
		{2E5DB767-1D5B-4C8A-BEEF-20066D68CF37}.Debug|Any CPU.ActiveCfg = Debug|Any CPU
		{2E5DB767-1D5B-4C8A-BEEF-20066D68CF37}.Debug|Any CPU.Build.0 = Debug|Any CPU
		{2E5DB767-1D5B-4C8A-BEEF-20066D68CF37}.Release|Any CPU.ActiveCfg = Release|Any CPU
		{2E5DB767-1D5B-4C8A-BEEF-20066D68CF37}.Release|Any CPU.Build.0 = Release|Any CPU
		{A3082956-9EE4-4B35-9B4E-B07D0C4C8B56}.Debug|Any CPU.ActiveCfg = Debug|Any CPU
		{A3082956-9EE4-4B35-9B4E-B07D0C4C8B56}.Debug|Any CPU.Build.0 = Debug|Any CPU
		{A3082956-9EE4-4B35-9B4E-B07D0C4C8B56}.Release|Any CPU.ActiveCfg = Release|Any CPU
		{A3082956-9EE4-4B35-9B4E-B07D0C4C8B56}.Release|Any CPU.Build.0 = Release|Any CPU
	EndGlobalSection
	GlobalSection(SolutionProperties) = preSolution
		HideSolutionNode = FALSE
	EndGlobalSection
	GlobalSection(ExtensibilityGlobals) = postSolution
		SolutionGuid = {5A8BC1F3-F3C6-4334-8EE6-BC309BD0942C}
	EndGlobalSection
EndGlobal
